{
  "lockfileVersion": 1,
  "workspaces": {
    "": {
      "name": "devdb-ai-sidecar",
      "dependencies": {
        "@ai-sdk/anthropic": "^2.0.39",
        "@ai-sdk/google": "^2.0.25",
        "@ai-sdk/openai": "^2.0.58",
        "ai": "^5.0.82",
        "ollama-ai-provider": "^1.2.0",
        "zod": "^4.1.12",
      },
    },
  },
  "packages": {
    "@ai-sdk/anthropic": ["@ai-sdk/anthropic@2.0.39", "", { "dependencies": { "@ai-sdk/provider": "2.0.0", "@ai-sdk/provider-utils": "3.0.14" }, "peerDependencies": { "zod": "^3.25.76 || ^4.1.8" } }, "sha512-8YckXsPN9e0NfU4zZvP23xCIKNESyYb1Y/xVllI1fZ+uVsd/shoz2zplbeGVQHPjXHWfY9aT5tF98Lp920HDIQ=="],

    "@ai-sdk/gateway": ["@ai-sdk/gateway@2.0.3", "", { "dependencies": { "@ai-sdk/provider": "2.0.0", "@ai-sdk/provider-utils": "3.0.14", "@vercel/oidc": "3.0.3" }, "peerDependencies": { "zod": "^3.25.76 || ^4.1.8" } }, "sha512-/vCoMKtod+A74/BbkWsaAflWKz1ovhX5lmJpIaXQXtd6gyexZncjotBTbFM8rVJT9LKJ/Kx7iVVo3vh+KT+IJg=="],

    "@ai-sdk/google": ["@ai-sdk/google@2.0.25", "", { "dependencies": { "@ai-sdk/provider": "2.0.0", "@ai-sdk/provider-utils": "3.0.14" }, "peerDependencies": { "zod": "^3.25.76 || ^4.1.8" } }, "sha512-tH2rA3428jnY6COoPfKB/BoQMs57sv9t+PEdyIB9ePtlV9dnVUbfKcdKoEcAaVffNZ6pzk8otrQYnu67pyn8TQ=="],

    "@ai-sdk/openai": ["@ai-sdk/openai@2.0.58", "", { "dependencies": { "@ai-sdk/provider": "2.0.0", "@ai-sdk/provider-utils": "3.0.14" }, "peerDependencies": { "zod": "^3.25.76 || ^4.1.8" } }, "sha512-eBEpuO6DF4j+ZESs0JPtT9+xjkdnTvOqEHZ3D8JTnCk0HZ/xMR3WQGXqolzckcQS+qzMXCiefDX2gk8cTP9M7A=="],

    "@ai-sdk/provider": ["@ai-sdk/provider@2.0.0", "", { "dependencies": { "json-schema": "^0.4.0" } }, "sha512-6o7Y2SeO9vFKB8lArHXehNuusnpddKPk7xqL7T2/b+OvXMRIXUO1rR4wcv1hAFUAT9avGZshty3Wlua/XA7TvA=="],

    "@ai-sdk/provider-utils": ["@ai-sdk/provider-utils@3.0.14", "", { "dependencies": { "@ai-sdk/provider": "2.0.0", "@standard-schema/spec": "^1.0.0", "eventsource-parser": "^3.0.5" }, "peerDependencies": { "zod": "^3.25.76 || ^4.1.8" } }, "sha512-CYRU6L7IlR7KslSBVxvlqlybQvXJln/PI57O8swhOaDIURZbjRP2AY3igKgUsrmWqqnFFUHP+AwTN8xqJAknnA=="],

    "@opentelemetry/api": ["@opentelemetry/api@1.9.0", "", {}, "sha512-3giAOQvZiH5F9bMlMiv8+GSPMeqg0dbaeo58/0SlA9sxSqZhnUtxzX9/2FzyhS9sWQf5S0GJE0AKBrFqjpeYcg=="],

    "@standard-schema/spec": ["@standard-schema/spec@1.0.0", "", {}, "sha512-m2bOd0f2RT9k8QJx1JN85cZYyH1RqFBdlwtkSlf4tBDYLCiiZnv1fIIwacK6cqwXavOydf0NPToMQgpKq+dVlA=="],

    "@vercel/oidc": ["@vercel/oidc@3.0.3", "", {}, "sha512-yNEQvPcVrK9sIe637+I0jD6leluPxzwJKx/Haw6F4H77CdDsszUn5V3o96LPziXkSNE2B83+Z3mjqGKBK/R6Gg=="],

    "ai": ["ai@5.0.82", "", { "dependencies": { "@ai-sdk/gateway": "2.0.3", "@ai-sdk/provider": "2.0.0", "@ai-sdk/provider-utils": "3.0.14", "@opentelemetry/api": "1.9.0" }, "peerDependencies": { "zod": "^3.25.76 || ^4.1.8" } }, "sha512-wmZZfsU40qB77umrcj3YzMSk6cUP5gxLXZDPfiSQLBLegTVXPUdSJC603tR7JB5JkhBDzN5VLaliuRKQGKpUXg=="],

    "eventsource-parser": ["eventsource-parser@3.0.6", "", {}, "sha512-Vo1ab+QXPzZ4tCa8SwIHJFaSzy4R6SHf7BY79rFBDf0idraZWAkYrDjDj8uWaSm3S2TK+hJ7/t1CEmZ7jXw+pg=="],

    "json-schema": ["json-schema@0.4.0", "", {}, "sha512-es94M3nTIfsEPisRafak+HDLfHXnKBhV3vU5eqPcS3flIWqcxJWgXHXiey3YrpaNsanY5ei1VoYEbOzijuq9BA=="],

    "nanoid": ["nanoid@3.3.11", "", { "bin": { "nanoid": "bin/nanoid.cjs" } }, "sha512-N8SpfPUnUp1bK+PMYW8qSWdl9U+wwNWI4QKxOYDy9JAro3WMX7p2OeVRF9v+347pnakNevPmiHhNmZ2HbFA76w=="],

    "ollama-ai-provider": ["ollama-ai-provider@1.2.0", "", { "dependencies": { "@ai-sdk/provider": "^1.0.0", "@ai-sdk/provider-utils": "^2.0.0", "partial-json": "0.1.7" }, "peerDependencies": { "zod": "^3.0.0" }, "optionalPeers": ["zod"] }, "sha512-jTNFruwe3O/ruJeppI/quoOUxG7NA6blG3ZyQj3lei4+NnJo7bi3eIRWqlVpRlu/mbzbFXeJSBuYQWF6pzGKww=="],

    "partial-json": ["partial-json@0.1.7", "", {}, "sha512-Njv/59hHaokb/hRUjce3Hdv12wd60MtM9Z5Olmn+nehe0QDAsRtRbJPvJ0Z91TusF0SuZRIvnM+S4l6EIP8leA=="],

    "secure-json-parse": ["secure-json-parse@2.7.0", "", {}, "sha512-6aU+Rwsezw7VR8/nyvKTx8QpWH9FrcYiXXlqC4z5d5XQBDRqtbfsRjnwGyqbi3gddNtWHuEk9OANUotL26qKUw=="],

    "zod": ["zod@4.1.12", "", {}, "sha512-JInaHOamG8pt5+Ey8kGmdcAcg3OL9reK8ltczgHTAwNhMys/6ThXHityHxVV2p3fkw/c+MAvBHFVYHFZDmjMCQ=="],

    "ollama-ai-provider/@ai-sdk/provider": ["@ai-sdk/provider@1.1.3", "", { "dependencies": { "json-schema": "^0.4.0" } }, "sha512-qZMxYJ0qqX/RfnuIaab+zp8UAeJn/ygXXAffR5I4N0n1IrvA6qBsjc8hXLmBiMV2zoXlifkacF7sEFnYnjBcqg=="],

    "ollama-ai-provider/@ai-sdk/provider-utils": ["@ai-sdk/provider-utils@2.2.8", "", { "dependencies": { "@ai-sdk/provider": "1.1.3", "nanoid": "^3.3.8", "secure-json-parse": "^2.7.0" }, "peerDependencies": { "zod": "^3.23.8" } }, "sha512-fqhG+4sCVv8x7nFzYnFo19ryhAa3w096Kmc3hWxMQfW/TubPOmt3A6tYZhl4mUfQWWQMsuSkLrtjlWuXBVSGQA=="],
  }
}
