{
  "lockfileVersion": 1,
  "configVersion": 0,
  "workspaces": {
    "": {
      "name": "devdb-ai-sidecar",
      "dependencies": {
        "@ai-sdk/anthropic": "^3.0.0",
        "@ai-sdk/gateway": "^3.0.0",
        "@ai-sdk/google": "^3.0.0",
        "@ai-sdk/openai": "^3.0.0",
        "@ai-sdk/xai": "^3.0.0",
        "@openrouter/ai-sdk-provider": "^6.0.0-alpha.1",
        "@sentry/node": "^10.25.0",
        "ai": "^6.0.0",
        "ai-sdk-provider-claude-code": "^3.3.1",
        "ai-sdk-provider-opencode-sdk": "^1.0.0",
        "handlebars": "^4.7.8",
        "ollama-ai-provider": "^1.2.0",
        "zod": "^4.1.12",
      },
      "devDependencies": {
        "@types/bun": "latest",
      },
    },
  },
  "packages": {
    "@ai-sdk/anthropic": ["@ai-sdk/anthropic@3.0.15", "", { "dependencies": { "@ai-sdk/provider": "3.0.4", "@ai-sdk/provider-utils": "4.0.8" }, "peerDependencies": { "zod": "^3.25.76 || ^4.1.8" } }, "sha512-FCNy6pABPe5Qb1VPbdLLIi/XkQN2g/fKUcl1GcXxIU3Ofr+vOND8cyZfH20cMODR523FSGfwswJoJic8skr8qg=="],

    "@ai-sdk/gateway": ["@ai-sdk/gateway@3.0.16", "", { "dependencies": { "@ai-sdk/provider": "3.0.4", "@ai-sdk/provider-utils": "4.0.8", "@vercel/oidc": "3.1.0" }, "peerDependencies": { "zod": "^3.25.76 || ^4.1.8" } }, "sha512-OOY5CfRJiHvh/8np2vs1RQaCZ5hWv2qOeEmmeiABXK3gLQHUVnCO+1hhoLsZdHM5iElu6M407dAOfyvTsKJqcQ=="],

    "@ai-sdk/google": ["@ai-sdk/google@3.0.10", "", { "dependencies": { "@ai-sdk/provider": "3.0.4", "@ai-sdk/provider-utils": "4.0.8" }, "peerDependencies": { "zod": "^3.25.76 || ^4.1.8" } }, "sha512-qd2EM9SlD7wWFrq036hwKsuAgkCVxQbwJzctszdmzPs9yUZg795/gHtZRpKItZhbyHSNWhAHmJwEgKjD+HOzuQ=="],

    "@ai-sdk/openai": ["@ai-sdk/openai@3.0.12", "", { "dependencies": { "@ai-sdk/provider": "3.0.4", "@ai-sdk/provider-utils": "4.0.8" }, "peerDependencies": { "zod": "^3.25.76 || ^4.1.8" } }, "sha512-zqLWEKuaKnjXhu7xCw1jgz/+yTbd3F7EtgU4T2Q8BAo8OJC5wZv14l+kwM7Jai7M1/2Y2T/zBkrfiIu+7NsvfQ=="],

    "@ai-sdk/openai-compatible": ["@ai-sdk/openai-compatible@2.0.13", "", { "dependencies": { "@ai-sdk/provider": "3.0.4", "@ai-sdk/provider-utils": "4.0.8" }, "peerDependencies": { "zod": "^3.25.76 || ^4.1.8" } }, "sha512-DShpuHZ9wiy3QtxJ4/Uq5csLxgNgeA3w58isYhZ34pSod2cBlRmJl3EyQzxZ1HD8e6sQDa9fvc0cwF5/EugBMw=="],

    "@ai-sdk/provider": ["@ai-sdk/provider@3.0.4", "", { "dependencies": { "json-schema": "^0.4.0" } }, "sha512-5KXyBOSEX+l67elrEa+wqo/LSsSTtrPj9Uoh3zMbe/ceQX4ucHI3b9nUEfNkGF3Ry1svv90widAt+aiKdIJasQ=="],

    "@ai-sdk/provider-utils": ["@ai-sdk/provider-utils@4.0.8", "", { "dependencies": { "@ai-sdk/provider": "3.0.4", "@standard-schema/spec": "^1.1.0", "eventsource-parser": "^3.0.6" }, "peerDependencies": { "zod": "^3.25.76 || ^4.1.8" } }, "sha512-ns9gN7MmpI8vTRandzgz+KK/zNMLzhrriiKECMt4euLtQFSBgNfydtagPOX4j4pS1/3KvHF6RivhT3gNQgBZsg=="],

    "@ai-sdk/xai": ["@ai-sdk/xai@3.0.26", "", { "dependencies": { "@ai-sdk/openai-compatible": "2.0.13", "@ai-sdk/provider": "3.0.4", "@ai-sdk/provider-utils": "4.0.8" }, "peerDependencies": { "zod": "^3.25.76 || ^4.1.8" } }, "sha512-mwY6BjlO8fR6+j13k1XjsvdKa2VEa8DuA6gEW6Ihd7K7UB2Dqcw7+zrRhKIFyyQekjc8CFGtrA/W7khgd/aOCQ=="],

    "@anthropic-ai/claude-agent-sdk": ["@anthropic-ai/claude-agent-sdk@0.2.11", "", { "optionalDependencies": { "@img/sharp-darwin-arm64": "^0.33.5", "@img/sharp-darwin-x64": "^0.33.5", "@img/sharp-linux-arm": "^0.33.5", "@img/sharp-linux-arm64": "^0.33.5", "@img/sharp-linux-x64": "^0.33.5", "@img/sharp-linuxmusl-arm64": "^0.33.5", "@img/sharp-linuxmusl-x64": "^0.33.5", "@img/sharp-win32-x64": "^0.33.5" }, "peerDependencies": { "zod": "^4.0.0" } }, "sha512-50q4vfh57HYTUrwukULp3gvSaOZfRF5zukxhWvW6mmUHuD8+Xwhqn59sZhoDz9ZUw6Um+1lUCgWpJw5/TTMn5w=="],

    "@apm-js-collab/code-transformer": ["@apm-js-collab/code-transformer@0.8.2", "", {}, "sha512-YRjJjNq5KFSjDUoqu5pFUWrrsvGOxl6c3bu+uMFc9HNNptZ2rNU/TI2nLw4jnhQNtka972Ee2m3uqbvDQtPeCA=="],

    "@apm-js-collab/tracing-hooks": ["@apm-js-collab/tracing-hooks@0.3.1", "", { "dependencies": { "@apm-js-collab/code-transformer": "^0.8.0", "debug": "^4.4.1", "module-details-from-path": "^1.0.4" } }, "sha512-Vu1CbmPURlN5fTboVuKMoJjbO5qcq9fA5YXpskx3dXe/zTBvjODFoerw+69rVBlRLrJpwPqSDqEuJDEKIrTldw=="],

    "@img/sharp-darwin-arm64": ["@img/sharp-darwin-arm64@0.33.5", "", { "optionalDependencies": { "@img/sharp-libvips-darwin-arm64": "1.0.4" }, "os": "darwin", "cpu": "arm64" }, "sha512-UT4p+iz/2H4twwAoLCqfA9UH5pI6DggwKEGuaPy7nCVQ8ZsiY5PIcrRvD1DzuY3qYL07NtIQcWnBSY/heikIFQ=="],

    "@img/sharp-darwin-x64": ["@img/sharp-darwin-x64@0.33.5", "", { "optionalDependencies": { "@img/sharp-libvips-darwin-x64": "1.0.4" }, "os": "darwin", "cpu": "x64" }, "sha512-fyHac4jIc1ANYGRDxtiqelIbdWkIuQaI84Mv45KvGRRxSAa7o7d1ZKAOBaYbnepLC1WqxfpimdeWfvqqSGwR2Q=="],

    "@img/sharp-libvips-darwin-arm64": ["@img/sharp-libvips-darwin-arm64@1.0.4", "", { "os": "darwin", "cpu": "arm64" }, "sha512-XblONe153h0O2zuFfTAbQYAX2JhYmDHeWikp1LM9Hul9gVPjFY427k6dFEcOL72O01QxQsWi761svJ/ev9xEDg=="],

    "@img/sharp-libvips-darwin-x64": ["@img/sharp-libvips-darwin-x64@1.0.4", "", { "os": "darwin", "cpu": "x64" }, "sha512-xnGR8YuZYfJGmWPvmlunFaWJsb9T/AO2ykoP3Fz/0X5XV2aoYBPkX6xqCQvUTKKiLddarLaxpzNe+b1hjeWHAQ=="],

    "@img/sharp-libvips-linux-arm": ["@img/sharp-libvips-linux-arm@1.0.5", "", { "os": "linux", "cpu": "arm" }, "sha512-gvcC4ACAOPRNATg/ov8/MnbxFDJqf/pDePbBnuBDcjsI8PssmjoKMAz4LtLaVi+OnSb5FK/yIOamqDwGmXW32g=="],

    "@img/sharp-libvips-linux-arm64": ["@img/sharp-libvips-linux-arm64@1.0.4", "", { "os": "linux", "cpu": "arm64" }, "sha512-9B+taZ8DlyyqzZQnoeIvDVR/2F4EbMepXMc/NdVbkzsJbzkUjhXv/70GQJ7tdLA4YJgNP25zukcxpX2/SueNrA=="],

    "@img/sharp-libvips-linux-x64": ["@img/sharp-libvips-linux-x64@1.0.4", "", { "os": "linux", "cpu": "x64" }, "sha512-MmWmQ3iPFZr0Iev+BAgVMb3ZyC4KeFc3jFxnNbEPas60e1cIfevbtuyf9nDGIzOaW9PdnDciJm+wFFaTlj5xYw=="],

    "@img/sharp-libvips-linuxmusl-arm64": ["@img/sharp-libvips-linuxmusl-arm64@1.0.4", "", { "os": "linux", "cpu": "arm64" }, "sha512-9Ti+BbTYDcsbp4wfYib8Ctm1ilkugkA/uscUn6UXK1ldpC1JjiXbLfFZtRlBhjPZ5o1NCLiDbg8fhUPKStHoTA=="],

    "@img/sharp-libvips-linuxmusl-x64": ["@img/sharp-libvips-linuxmusl-x64@1.0.4", "", { "os": "linux", "cpu": "x64" }, "sha512-viYN1KX9m+/hGkJtvYYp+CCLgnJXwiQB39damAO7WMdKWlIhmYTfHjwSbQeUK/20vY154mwezd9HflVFM1wVSw=="],

    "@img/sharp-linux-arm": ["@img/sharp-linux-arm@0.33.5", "", { "optionalDependencies": { "@img/sharp-libvips-linux-arm": "1.0.5" }, "os": "linux", "cpu": "arm" }, "sha512-JTS1eldqZbJxjvKaAkxhZmBqPRGmxgu+qFKSInv8moZ2AmT5Yib3EQ1c6gp493HvrvV8QgdOXdyaIBrhvFhBMQ=="],

    "@img/sharp-linux-arm64": ["@img/sharp-linux-arm64@0.33.5", "", { "optionalDependencies": { "@img/sharp-libvips-linux-arm64": "1.0.4" }, "os": "linux", "cpu": "arm64" }, "sha512-JMVv+AMRyGOHtO1RFBiJy/MBsgz0x4AWrT6QoEVVTyh1E39TrCUpTRI7mx9VksGX4awWASxqCYLCV4wBZHAYxA=="],

    "@img/sharp-linux-x64": ["@img/sharp-linux-x64@0.33.5", "", { "optionalDependencies": { "@img/sharp-libvips-linux-x64": "1.0.4" }, "os": "linux", "cpu": "x64" }, "sha512-opC+Ok5pRNAzuvq1AG0ar+1owsu842/Ab+4qvU879ippJBHvyY5n2mxF1izXqkPYlGuP/M556uh53jRLJmzTWA=="],

    "@img/sharp-linuxmusl-arm64": ["@img/sharp-linuxmusl-arm64@0.33.5", "", { "optionalDependencies": { "@img/sharp-libvips-linuxmusl-arm64": "1.0.4" }, "os": "linux", "cpu": "arm64" }, "sha512-XrHMZwGQGvJg2V/oRSUfSAfjfPxO+4DkiRh6p2AFjLQztWUuY/o8Mq0eMQVIY7HJ1CDQUJlxGGZRw1a5bqmd1g=="],

    "@img/sharp-linuxmusl-x64": ["@img/sharp-linuxmusl-x64@0.33.5", "", { "optionalDependencies": { "@img/sharp-libvips-linuxmusl-x64": "1.0.4" }, "os": "linux", "cpu": "x64" }, "sha512-WT+d/cgqKkkKySYmqoZ8y3pxx7lx9vVejxW/W4DOFMYVSkErR+w7mf2u8m/y4+xHe7yY9DAXQMWQhpnMuFfScw=="],

    "@img/sharp-win32-x64": ["@img/sharp-win32-x64@0.33.5", "", { "os": "win32", "cpu": "x64" }, "sha512-MpY/o8/8kj+EcnxwvrP4aTJSWw/aZ7JIGR4aBeZkZw5B7/Jn+tY9/VNwtcoGmdT7GfggGIU4kygOMSbYnOrAbg=="],

    "@opencode-ai/sdk": ["@opencode-ai/sdk@1.1.25", "", {}, "sha512-mWUX489ArEF2ICg3iZsx2VQaGS3Z2j/dwAJDacao9t7dGDzjOIaacPw2weZ10zld7XmT9V9C0PM/A5lDZ52J+w=="],

    "@openrouter/ai-sdk-provider": ["@openrouter/ai-sdk-provider@6.0.0-alpha.1", "", { "dependencies": { "@ai-sdk/provider": "^3.0.0", "@ai-sdk/provider-utils": "^4.0.0", "@openrouter/sdk": "^0.3.11" }, "peerDependencies": { "zod": "^4.3.5" } }, "sha512-N91glWtq6XFl8Kvgft14BiDeCLABHatylAVKHOWMRJHnBl6iKblI4iZgcipnF9Pj8ZRUO752qpPoZVC+L2C6tA=="],

    "@openrouter/sdk": ["@openrouter/sdk@0.3.14", "", { "dependencies": { "zod": "^3.25.0 || ^4.0.0" } }, "sha512-+smUr3ZmMLXO/vLjXKvQzED44vd+45U4GoSTOOnNcln5lLv4JslPtCRBIYXEVx+adiBsiRkFaq5BAPsZhKIEDA=="],

    "@opentelemetry/api": ["@opentelemetry/api@1.9.0", "", {}, "sha512-3giAOQvZiH5F9bMlMiv8+GSPMeqg0dbaeo58/0SlA9sxSqZhnUtxzX9/2FzyhS9sWQf5S0GJE0AKBrFqjpeYcg=="],

    "@opentelemetry/api-logs": ["@opentelemetry/api-logs@0.208.0", "", { "dependencies": { "@opentelemetry/api": "^1.3.0" } }, "sha512-CjruKY9V6NMssL/T1kAFgzosF1v9o6oeN+aX5JB/C/xPNtmgIJqcXHG7fA82Ou1zCpWGl4lROQUKwUNE1pMCyg=="],

    "@opentelemetry/context-async-hooks": ["@opentelemetry/context-async-hooks@2.4.0", "", { "peerDependencies": { "@opentelemetry/api": ">=1.0.0 <1.10.0" } }, "sha512-jn0phJ+hU7ZuvaoZE/8/Euw3gvHJrn2yi+kXrymwObEPVPjtwCmkvXDRQCWli+fCTTF/aSOtXaLr7CLIvv3LQg=="],

    "@opentelemetry/core": ["@opentelemetry/core@2.4.0", "", { "dependencies": { "@opentelemetry/semantic-conventions": "^1.29.0" }, "peerDependencies": { "@opentelemetry/api": ">=1.0.0 <1.10.0" } }, "sha512-KtcyFHssTn5ZgDu6SXmUznS80OFs/wN7y6MyFRRcKU6TOw8hNcGxKvt8hsdaLJfhzUszNSjURetq5Qpkad14Gw=="],

    "@opentelemetry/instrumentation": ["@opentelemetry/instrumentation@0.208.0", "", { "dependencies": { "@opentelemetry/api-logs": "0.208.0", "import-in-the-middle": "^2.0.0", "require-in-the-middle": "^8.0.0" }, "peerDependencies": { "@opentelemetry/api": "^1.3.0" } }, "sha512-Eju0L4qWcQS+oXxi6pgh7zvE2byogAkcsVv0OjHF/97iOz1N/aKE6etSGowYkie+YA1uo6DNwdSxaaNnLvcRlA=="],

    "@opentelemetry/instrumentation-amqplib": ["@opentelemetry/instrumentation-amqplib@0.55.0", "", { "dependencies": { "@opentelemetry/core": "^2.0.0", "@opentelemetry/instrumentation": "^0.208.0" }, "peerDependencies": { "@opentelemetry/api": "^1.3.0" } }, "sha512-5ULoU8p+tWcQw5PDYZn8rySptGSLZHNX/7srqo2TioPnAAcvTy6sQFQXsNPrAnyRRtYGMetXVyZUy5OaX1+IfA=="],

    "@opentelemetry/instrumentation-connect": ["@opentelemetry/instrumentation-connect@0.52.0", "", { "dependencies": { "@opentelemetry/core": "^2.0.0", "@opentelemetry/instrumentation": "^0.208.0", "@opentelemetry/semantic-conventions": "^1.27.0", "@types/connect": "3.4.38" }, "peerDependencies": { "@opentelemetry/api": "^1.3.0" } }, "sha512-GXPxfNB5szMbV3I9b7kNWSmQBoBzw7MT0ui6iU/p+NIzVx3a06Ri2cdQO7tG9EKb4aKSLmfX9Cw5cKxXqX6Ohg=="],

    "@opentelemetry/instrumentation-dataloader": ["@opentelemetry/instrumentation-dataloader@0.26.0", "", { "dependencies": { "@opentelemetry/instrumentation": "^0.208.0" }, "peerDependencies": { "@opentelemetry/api": "^1.3.0" } }, "sha512-P2BgnFfTOarZ5OKPmYfbXfDFjQ4P9WkQ1Jji7yH5/WwB6Wm/knynAoA1rxbjWcDlYupFkyT0M1j6XLzDzy0aCA=="],

    "@opentelemetry/instrumentation-express": ["@opentelemetry/instrumentation-express@0.57.0", "", { "dependencies": { "@opentelemetry/core": "^2.0.0", "@opentelemetry/instrumentation": "^0.208.0", "@opentelemetry/semantic-conventions": "^1.27.0" }, "peerDependencies": { "@opentelemetry/api": "^1.3.0" } }, "sha512-HAdx/o58+8tSR5iW+ru4PHnEejyKrAy9fYFhlEI81o10nYxrGahnMAHWiSjhDC7UQSY3I4gjcPgSKQz4rm/asg=="],

    "@opentelemetry/instrumentation-fs": ["@opentelemetry/instrumentation-fs@0.28.0", "", { "dependencies": { "@opentelemetry/core": "^2.0.0", "@opentelemetry/instrumentation": "^0.208.0" }, "peerDependencies": { "@opentelemetry/api": "^1.3.0" } }, "sha512-FFvg8fq53RRXVBRHZViP+EMxMR03tqzEGpuq55lHNbVPyFklSVfQBN50syPhK5UYYwaStx0eyCtHtbRreusc5g=="],

    "@opentelemetry/instrumentation-generic-pool": ["@opentelemetry/instrumentation-generic-pool@0.52.0", "", { "dependencies": { "@opentelemetry/instrumentation": "^0.208.0" }, "peerDependencies": { "@opentelemetry/api": "^1.3.0" } }, "sha512-ISkNcv5CM2IwvsMVL31Tl61/p2Zm2I2NAsYq5SSBgOsOndT0TjnptjufYVScCnD5ZLD1tpl4T3GEYULLYOdIdQ=="],

    "@opentelemetry/instrumentation-graphql": ["@opentelemetry/instrumentation-graphql@0.56.0", "", { "dependencies": { "@opentelemetry/instrumentation": "^0.208.0" }, "peerDependencies": { "@opentelemetry/api": "^1.3.0" } }, "sha512-IPvNk8AFoVzTAM0Z399t34VDmGDgwT6rIqCUug8P9oAGerl2/PEIYMPOl/rerPGu+q8gSWdmbFSjgg7PDVRd3Q=="],

    "@opentelemetry/instrumentation-hapi": ["@opentelemetry/instrumentation-hapi@0.55.0", "", { "dependencies": { "@opentelemetry/core": "^2.0.0", "@opentelemetry/instrumentation": "^0.208.0", "@opentelemetry/semantic-conventions": "^1.27.0" }, "peerDependencies": { "@opentelemetry/api": "^1.3.0" } }, "sha512-prqAkRf9e4eEpy4G3UcR32prKE8NLNlA90TdEU1UsghOTg0jUvs40Jz8LQWFEs5NbLbXHYGzB4CYVkCI8eWEVQ=="],

    "@opentelemetry/instrumentation-http": ["@opentelemetry/instrumentation-http@0.208.0", "", { "dependencies": { "@opentelemetry/core": "2.2.0", "@opentelemetry/instrumentation": "0.208.0", "@opentelemetry/semantic-conventions": "^1.29.0", "forwarded-parse": "2.1.2" }, "peerDependencies": { "@opentelemetry/api": "^1.3.0" } }, "sha512-rhmK46DRWEbQQB77RxmVXGyjs6783crXCnFjYQj+4tDH/Kpv9Rbg3h2kaNyp5Vz2emF1f9HOQQvZoHzwMWOFZQ=="],

    "@opentelemetry/instrumentation-ioredis": ["@opentelemetry/instrumentation-ioredis@0.56.0", "", { "dependencies": { "@opentelemetry/instrumentation": "^0.208.0", "@opentelemetry/redis-common": "^0.38.2" }, "peerDependencies": { "@opentelemetry/api": "^1.3.0" } }, "sha512-XSWeqsd3rKSsT3WBz/JKJDcZD4QYElZEa0xVdX8f9dh4h4QgXhKRLorVsVkK3uXFbC2sZKAS2Ds+YolGwD83Dg=="],

    "@opentelemetry/instrumentation-kafkajs": ["@opentelemetry/instrumentation-kafkajs@0.18.0", "", { "dependencies": { "@opentelemetry/instrumentation": "^0.208.0", "@opentelemetry/semantic-conventions": "^1.30.0" }, "peerDependencies": { "@opentelemetry/api": "^1.3.0" } }, "sha512-KCL/1HnZN5zkUMgPyOxfGjLjbXjpd4odDToy+7c+UsthIzVLFf99LnfIBE8YSSrYE4+uS7OwJMhvhg3tWjqMBg=="],

    "@opentelemetry/instrumentation-knex": ["@opentelemetry/instrumentation-knex@0.53.0", "", { "dependencies": { "@opentelemetry/instrumentation": "^0.208.0", "@opentelemetry/semantic-conventions": "^1.33.1" }, "peerDependencies": { "@opentelemetry/api": "^1.3.0" } }, "sha512-xngn5cH2mVXFmiT1XfQ1aHqq1m4xb5wvU6j9lSgLlihJ1bXzsO543cpDwjrZm2nMrlpddBf55w8+bfS4qDh60g=="],

    "@opentelemetry/instrumentation-koa": ["@opentelemetry/instrumentation-koa@0.57.0", "", { "dependencies": { "@opentelemetry/core": "^2.0.0", "@opentelemetry/instrumentation": "^0.208.0", "@opentelemetry/semantic-conventions": "^1.36.0" }, "peerDependencies": { "@opentelemetry/api": "^1.9.0" } }, "sha512-3JS8PU/D5E3q295mwloU2v7c7/m+DyCqdu62BIzWt+3u9utjxC9QS7v6WmUNuoDN3RM+Q+D1Gpj13ERo+m7CGg=="],

    "@opentelemetry/instrumentation-lru-memoizer": ["@opentelemetry/instrumentation-lru-memoizer@0.53.0", "", { "dependencies": { "@opentelemetry/instrumentation": "^0.208.0" }, "peerDependencies": { "@opentelemetry/api": "^1.3.0" } }, "sha512-LDwWz5cPkWWr0HBIuZUjslyvijljTwmwiItpMTHujaULZCxcYE9eU44Qf/pbVC8TulT0IhZi+RoGvHKXvNhysw=="],

    "@opentelemetry/instrumentation-mongodb": ["@opentelemetry/instrumentation-mongodb@0.61.0", "", { "dependencies": { "@opentelemetry/instrumentation": "^0.208.0" }, "peerDependencies": { "@opentelemetry/api": "^1.3.0" } }, "sha512-OV3i2DSoY5M/pmLk+68xr5RvkHU8DRB3DKMzYJdwDdcxeLs62tLbkmRyqJZsYf3Ht7j11rq35pHOWLuLzXL7pQ=="],

    "@opentelemetry/instrumentation-mongoose": ["@opentelemetry/instrumentation-mongoose@0.55.0", "", { "dependencies": { "@opentelemetry/core": "^2.0.0", "@opentelemetry/instrumentation": "^0.208.0" }, "peerDependencies": { "@opentelemetry/api": "^1.3.0" } }, "sha512-5afj0HfF6aM6Nlqgu6/PPHFk8QBfIe3+zF9FGpX76jWPS0/dujoEYn82/XcLSaW5LPUDW8sni+YeK0vTBNri+w=="],

    "@opentelemetry/instrumentation-mysql": ["@opentelemetry/instrumentation-mysql@0.54.0", "", { "dependencies": { "@opentelemetry/instrumentation": "^0.208.0", "@types/mysql": "2.15.27" }, "peerDependencies": { "@opentelemetry/api": "^1.3.0" } }, "sha512-bqC1YhnwAeWmRzy1/Xf9cDqxNG2d/JDkaxnqF5N6iJKN1eVWI+vg7NfDkf52/Nggp3tl1jcC++ptC61BD6738A=="],

    "@opentelemetry/instrumentation-mysql2": ["@opentelemetry/instrumentation-mysql2@0.55.0", "", { "dependencies": { "@opentelemetry/instrumentation": "^0.208.0", "@opentelemetry/semantic-conventions": "^1.33.0", "@opentelemetry/sql-common": "^0.41.2" }, "peerDependencies": { "@opentelemetry/api": "^1.3.0" } }, "sha512-0cs8whQG55aIi20gnK8B7cco6OK6N+enNhW0p5284MvqJ5EPi+I1YlWsWXgzv/V2HFirEejkvKiI4Iw21OqDWg=="],

    "@opentelemetry/instrumentation-pg": ["@opentelemetry/instrumentation-pg@0.61.0", "", { "dependencies": { "@opentelemetry/core": "^2.0.0", "@opentelemetry/instrumentation": "^0.208.0", "@opentelemetry/semantic-conventions": "^1.34.0", "@opentelemetry/sql-common": "^0.41.2", "@types/pg": "8.15.6", "@types/pg-pool": "2.0.6" }, "peerDependencies": { "@opentelemetry/api": "^1.3.0" } }, "sha512-UeV7KeTnRSM7ECHa3YscoklhUtTQPs6V6qYpG283AB7xpnPGCUCUfECFT9jFg6/iZOQTt3FHkB1wGTJCNZEvPw=="],

    "@opentelemetry/instrumentation-redis": ["@opentelemetry/instrumentation-redis@0.57.0", "", { "dependencies": { "@opentelemetry/instrumentation": "^0.208.0", "@opentelemetry/redis-common": "^0.38.2", "@opentelemetry/semantic-conventions": "^1.27.0" }, "peerDependencies": { "@opentelemetry/api": "^1.3.0" } }, "sha512-bCxTHQFXzrU3eU1LZnOZQ3s5LURxQPDlU3/upBzlWY77qOI1GZuGofazj3jtzjctMJeBEJhNwIFEgRPBX1kp/Q=="],

    "@opentelemetry/instrumentation-tedious": ["@opentelemetry/instrumentation-tedious@0.27.0", "", { "dependencies": { "@opentelemetry/instrumentation": "^0.208.0", "@types/tedious": "^4.0.14" }, "peerDependencies": { "@opentelemetry/api": "^1.3.0" } }, "sha512-jRtyUJNZppPBjPae4ZjIQ2eqJbcRaRfJkr0lQLHFmOU/no5A6e9s1OHLd5XZyZoBJ/ymngZitanyRRA5cniseA=="],

    "@opentelemetry/instrumentation-undici": ["@opentelemetry/instrumentation-undici@0.19.0", "", { "dependencies": { "@opentelemetry/core": "^2.0.0", "@opentelemetry/instrumentation": "^0.208.0", "@opentelemetry/semantic-conventions": "^1.24.0" }, "peerDependencies": { "@opentelemetry/api": "^1.7.0" } }, "sha512-Pst/RhR61A2OoZQZkn6OLpdVpXp6qn3Y92wXa6umfJe9rV640r4bc6SWvw4pPN6DiQqPu2c8gnSSZPDtC6JlpQ=="],

    "@opentelemetry/redis-common": ["@opentelemetry/redis-common@0.38.2", "", {}, "sha512-1BCcU93iwSRZvDAgwUxC/DV4T/406SkMfxGqu5ojc3AvNI+I9GhV7v0J1HljsczuuhcnFLYqD5VmwVXfCGHzxA=="],

    "@opentelemetry/resources": ["@opentelemetry/resources@2.4.0", "", { "dependencies": { "@opentelemetry/core": "2.4.0", "@opentelemetry/semantic-conventions": "^1.29.0" }, "peerDependencies": { "@opentelemetry/api": ">=1.3.0 <1.10.0" } }, "sha512-RWvGLj2lMDZd7M/5tjkI/2VHMpXebLgPKvBUd9LRasEWR2xAynDwEYZuLvY9P2NGG73HF07jbbgWX2C9oavcQg=="],

    "@opentelemetry/sdk-trace-base": ["@opentelemetry/sdk-trace-base@2.4.0", "", { "dependencies": { "@opentelemetry/core": "2.4.0", "@opentelemetry/resources": "2.4.0", "@opentelemetry/semantic-conventions": "^1.29.0" }, "peerDependencies": { "@opentelemetry/api": ">=1.3.0 <1.10.0" } }, "sha512-WH0xXkz/OHORDLKqaxcUZS0X+t1s7gGlumr2ebiEgNZQl2b0upK2cdoD0tatf7l8iP74woGJ/Kmxe82jdvcWRw=="],

    "@opentelemetry/semantic-conventions": ["@opentelemetry/semantic-conventions@1.38.0", "", {}, "sha512-kocjix+/sSggfJhwXqClZ3i9Y/MI0fp7b+g7kCRm6psy2dsf8uApTRclwG18h8Avm7C9+fnt+O36PspJ/OzoWg=="],

    "@opentelemetry/sql-common": ["@opentelemetry/sql-common@0.41.2", "", { "dependencies": { "@opentelemetry/core": "^2.0.0" }, "peerDependencies": { "@opentelemetry/api": "^1.1.0" } }, "sha512-4mhWm3Z8z+i508zQJ7r6Xi7y4mmoJpdvH0fZPFRkWrdp5fq7hhZ2HhYokEOLkfqSMgPR4Z9EyB3DBkbKGOqZiQ=="],

    "@prisma/instrumentation": ["@prisma/instrumentation@6.19.0", "", { "dependencies": { "@opentelemetry/instrumentation": ">=0.52.0 <1" }, "peerDependencies": { "@opentelemetry/api": "^1.8" } }, "sha512-QcuYy25pkXM8BJ37wVFBO7Zh34nyRV1GOb2n3lPkkbRYfl4hWl3PTcImP41P0KrzVXfa/45p6eVCos27x3exIg=="],

    "@sentry/core": ["@sentry/core@10.34.0", "", {}, "sha512-4FFpYBMf0VFdPcsr4grDYDOR87mRu6oCfb51oQjU/Pndmty7UgYo0Bst3LEC/8v0SpytBtzXq+Wx/fkwulBesg=="],

    "@sentry/node": ["@sentry/node@10.34.0", "", { "dependencies": { "@opentelemetry/api": "^1.9.0", "@opentelemetry/context-async-hooks": "^2.2.0", "@opentelemetry/core": "^2.2.0", "@opentelemetry/instrumentation": "^0.208.0", "@opentelemetry/instrumentation-amqplib": "0.55.0", "@opentelemetry/instrumentation-connect": "0.52.0", "@opentelemetry/instrumentation-dataloader": "0.26.0", "@opentelemetry/instrumentation-express": "0.57.0", "@opentelemetry/instrumentation-fs": "0.28.0", "@opentelemetry/instrumentation-generic-pool": "0.52.0", "@opentelemetry/instrumentation-graphql": "0.56.0", "@opentelemetry/instrumentation-hapi": "0.55.0", "@opentelemetry/instrumentation-http": "0.208.0", "@opentelemetry/instrumentation-ioredis": "0.56.0", "@opentelemetry/instrumentation-kafkajs": "0.18.0", "@opentelemetry/instrumentation-knex": "0.53.0", "@opentelemetry/instrumentation-koa": "0.57.0", "@opentelemetry/instrumentation-lru-memoizer": "0.53.0", "@opentelemetry/instrumentation-mongodb": "0.61.0", "@opentelemetry/instrumentation-mongoose": "0.55.0", "@opentelemetry/instrumentation-mysql": "0.54.0", "@opentelemetry/instrumentation-mysql2": "0.55.0", "@opentelemetry/instrumentation-pg": "0.61.0", "@opentelemetry/instrumentation-redis": "0.57.0", "@opentelemetry/instrumentation-tedious": "0.27.0", "@opentelemetry/instrumentation-undici": "0.19.0", "@opentelemetry/resources": "^2.2.0", "@opentelemetry/sdk-trace-base": "^2.2.0", "@opentelemetry/semantic-conventions": "^1.37.0", "@prisma/instrumentation": "6.19.0", "@sentry/core": "10.34.0", "@sentry/node-core": "10.34.0", "@sentry/opentelemetry": "10.34.0", "import-in-the-middle": "^2.0.1", "minimatch": "^9.0.0" } }, "sha512-bEOyH97HuVtWZYAZ5mp0NhYNc+n6QCfiKuLee2P75n2kt4cIPTGvLOSdUwwjllf795uOdKZJuM1IUN0W+YMcVg=="],

    "@sentry/node-core": ["@sentry/node-core@10.34.0", "", { "dependencies": { "@apm-js-collab/tracing-hooks": "^0.3.1", "@sentry/core": "10.34.0", "@sentry/opentelemetry": "10.34.0", "import-in-the-middle": "^2.0.1" }, "peerDependencies": { "@opentelemetry/api": "^1.9.0", "@opentelemetry/context-async-hooks": "^1.30.1 || ^2.1.0 || ^2.2.0", "@opentelemetry/core": "^1.30.1 || ^2.1.0 || ^2.2.0", "@opentelemetry/instrumentation": ">=0.57.1 <1", "@opentelemetry/resources": "^1.30.1 || ^2.1.0 || ^2.2.0", "@opentelemetry/sdk-trace-base": "^1.30.1 || ^2.1.0 || ^2.2.0", "@opentelemetry/semantic-conventions": "^1.37.0" } }, "sha512-FrGfC8GzD1cnZDO3zwQ4cjyoY1ZwNHvZbXSvXRYxpjhXidZhvaPurjgLRSB0xGaFgoemmOp1ufsx/w6fQOGA6Q=="],

    "@sentry/opentelemetry": ["@sentry/opentelemetry@10.34.0", "", { "dependencies": { "@sentry/core": "10.34.0" }, "peerDependencies": { "@opentelemetry/api": "^1.9.0", "@opentelemetry/context-async-hooks": "^1.30.1 || ^2.1.0 || ^2.2.0", "@opentelemetry/core": "^1.30.1 || ^2.1.0 || ^2.2.0", "@opentelemetry/sdk-trace-base": "^1.30.1 || ^2.1.0 || ^2.2.0", "@opentelemetry/semantic-conventions": "^1.37.0" } }, "sha512-uKuULBOmdVu3bYdD8doMLqKgN0PP3WWtI7Shu11P9PVrhSNT4U9yM9Z6v1aFlQcbrgyg3LynZuXs8lyjt90UbA=="],

    "@standard-schema/spec": ["@standard-schema/spec@1.1.0", "", {}, "sha512-l2aFy5jALhniG5HgqrD6jXLi/rUWrKvqN/qJx6yoJsgKhblVd+iqqU4RCXavm/jPityDo5TCvKMnpjKnOriy0w=="],

    "@types/bun": ["@types/bun@1.3.6", "", { "dependencies": { "bun-types": "1.3.6" } }, "sha512-uWCv6FO/8LcpREhenN1d1b6fcspAB+cefwD7uti8C8VffIv0Um08TKMn98FynpTiU38+y2dUO55T11NgDt8VAA=="],

    "@types/connect": ["@types/connect@3.4.38", "", { "dependencies": { "@types/node": "*" } }, "sha512-K6uROf1LD88uDQqJCktA4yzL1YYAK6NgfsI0v/mTgyPKWsX1CnJ0XPSDhViejru1GcRkLWb8RlzFYJRqGUbaug=="],

    "@types/mysql": ["@types/mysql@2.15.27", "", { "dependencies": { "@types/node": "*" } }, "sha512-YfWiV16IY0OeBfBCk8+hXKmdTKrKlwKN1MNKAPBu5JYxLwBEZl7QzeEpGnlZb3VMGJrrGmB84gXiH+ofs/TezA=="],

    "@types/node": ["@types/node@25.0.9", "", { "dependencies": { "undici-types": "~7.16.0" } }, "sha512-/rpCXHlCWeqClNBwUhDcusJxXYDjZTyE8v5oTO7WbL8eij2nKhUeU89/6xgjU7N4/Vh3He0BtyhJdQbDyhiXAw=="],

    "@types/pg": ["@types/pg@8.15.6", "", { "dependencies": { "@types/node": "*", "pg-protocol": "*", "pg-types": "^2.2.0" } }, "sha512-NoaMtzhxOrubeL/7UZuNTrejB4MPAJ0RpxZqXQf2qXuVlTPuG6Y8p4u9dKRaue4yjmC7ZhzVO2/Yyyn25znrPQ=="],

    "@types/pg-pool": ["@types/pg-pool@2.0.6", "", { "dependencies": { "@types/pg": "*" } }, "sha512-TaAUE5rq2VQYxab5Ts7WZhKNmuN78Q6PiFonTDdpbx8a1H0M1vhy3rhiMjl+e2iHmogyMw7jZF4FrE6eJUy5HQ=="],

    "@types/tedious": ["@types/tedious@4.0.14", "", { "dependencies": { "@types/node": "*" } }, "sha512-KHPsfX/FoVbUGbyYvk1q9MMQHLPeRZhRJZdO45Q4YjvFkv4hMNghCWTvy7rdKessBsmtz4euWCWAB6/tVpI1Iw=="],

    "@vercel/oidc": ["@vercel/oidc@3.1.0", "", {}, "sha512-Fw28YZpRnA3cAHHDlkt7xQHiJ0fcL+NRcIqsocZQUSmbzeIKRpwttJjik5ZGanXP+vlA4SbTg+AbA3bP363l+w=="],

    "acorn": ["acorn@8.15.0", "", { "bin": "bin/acorn" }, "sha512-NZyJarBfL7nWwIq+FDL6Zp/yHEhePMNnnJ0y3qfieCrmNvYct8uvtiV41UvlSe6apAfk0fY1FbWx+NwfmpvtTg=="],

    "acorn-import-attributes": ["acorn-import-attributes@1.9.5", "", { "peerDependencies": { "acorn": "^8" } }, "sha512-n02Vykv5uA3eHGM/Z2dQrcD56kL8TyDb2p1+0P83PClMnC/nc+anbQRhIOWnSq4Ke/KvDPrY3C9hDtC/A3eHnQ=="],

    "ai": ["ai@6.0.38", "", { "dependencies": { "@ai-sdk/gateway": "3.0.16", "@ai-sdk/provider": "3.0.4", "@ai-sdk/provider-utils": "4.0.8", "@opentelemetry/api": "1.9.0" }, "peerDependencies": { "zod": "^3.25.76 || ^4.1.8" } }, "sha512-X8AaZFrdsPO1RNCAQLsaWfmE/SL9zgsiIZN3XqEHs3jIZ7ycR5aQZRg5XpNtbLWJxKXzK2b1ZXLx13AFOjksSg=="],

    "ai-sdk-provider-claude-code": ["ai-sdk-provider-claude-code@3.3.1", "", { "dependencies": { "@ai-sdk/provider": "^3.0.0", "@ai-sdk/provider-utils": "^4.0.1", "@anthropic-ai/claude-agent-sdk": "^0.2.9" }, "peerDependencies": { "zod": "^4.0.0" } }, "sha512-ufB1MDmz6M+fzexLSNESGA4effmd+Akm9eLbEXcTYT3Ca7qTUfJj7+T4EgK7XWFikSbYlssXJ8ymVRPhxnrAkw=="],

    "ai-sdk-provider-opencode-sdk": ["ai-sdk-provider-opencode-sdk@1.0.0", "", { "dependencies": { "@ai-sdk/provider": "^3.0.0", "@ai-sdk/provider-utils": "^4.0.1", "@opencode-ai/sdk": "^1.0.207" }, "peerDependencies": { "zod": "^3.25.76 || ^4.1.8" } }, "sha512-6FZwW+J57U6Xx+KTBNqaBnoCwVzP6fMZMzwYEt5tblKHz/K9wckvPflzD0B2KGDu1ta+7UlR41ftC7muFyQodQ=="],

    "balanced-match": ["balanced-match@1.0.2", "", {}, "sha512-3oSeUO0TMV67hN1AmbXsK4yaqU7tjiHlbxRDZOpH0KW9+CeX4bRAaX0Anxt0tx2MrpRpWwQaPwIlISEJhYU5Pw=="],

    "brace-expansion": ["brace-expansion@2.0.2", "", { "dependencies": { "balanced-match": "^1.0.0" } }, "sha512-Jt0vHyM+jmUBqojB7E1NIYadt0vI0Qxjxd2TErW94wDz+E2LAm5vKMXXwg6ZZBTHPuUlDgQHKXvjGBdfcF1ZDQ=="],

    "bun-types": ["bun-types@1.3.6", "", { "dependencies": { "@types/node": "*" } }, "sha512-OlFwHcnNV99r//9v5IIOgQ9Uk37gZqrNMCcqEaExdkVq3Avwqok1bJFmvGMCkCE0FqzdY8VMOZpfpR3lwI+CsQ=="],

    "cjs-module-lexer": ["cjs-module-lexer@2.2.0", "", {}, "sha512-4bHTS2YuzUvtoLjdy+98ykbNB5jS0+07EvFNXerqZQJ89F7DI6ET7OQo/HJuW6K0aVsKA9hj9/RVb2kQVOrPDQ=="],

    "debug": ["debug@4.4.3", "", { "dependencies": { "ms": "^2.1.3" } }, "sha512-RGwwWnwQvkVfavKVt22FGLw+xYSdzARwm0ru6DhTVA3umU5hZc28V3kO4stgYryrTlLpuvgI9GiijltAjNbcqA=="],

    "eventsource-parser": ["eventsource-parser@3.0.6", "", {}, "sha512-Vo1ab+QXPzZ4tCa8SwIHJFaSzy4R6SHf7BY79rFBDf0idraZWAkYrDjDj8uWaSm3S2TK+hJ7/t1CEmZ7jXw+pg=="],

    "forwarded-parse": ["forwarded-parse@2.1.2", "", {}, "sha512-alTFZZQDKMporBH77856pXgzhEzaUVmLCDk+egLgIgHst3Tpndzz8MnKe+GzRJRfvVdn69HhpW7cmXzvtLvJAw=="],

    "handlebars": ["handlebars@4.7.8", "", { "dependencies": { "minimist": "^1.2.5", "neo-async": "^2.6.2", "source-map": "^0.6.1", "wordwrap": "^1.0.0" }, "optionalDependencies": { "uglify-js": "^3.1.4" }, "bin": { "handlebars": "bin/handlebars" } }, "sha512-vafaFqs8MZkRrSX7sFVUdo3ap/eNiLnb4IakshzvP56X5Nr1iGKAIqdX6tMlm6HcNRIkr6AxO5jFEoJzzpT8aQ=="],

    "import-in-the-middle": ["import-in-the-middle@2.0.4", "", { "dependencies": { "acorn": "^8.15.0", "acorn-import-attributes": "^1.9.5", "cjs-module-lexer": "^2.2.0", "module-details-from-path": "^1.0.4" } }, "sha512-Al0kMpa0BqfvDnxjxGlab9vdQ0vTDs82TBKrD59X9jReUoPAzSGBb6vGDzMUMFBGyyDF03RpLT4oxGn6BpASzQ=="],

    "json-schema": ["json-schema@0.4.0", "", {}, "sha512-es94M3nTIfsEPisRafak+HDLfHXnKBhV3vU5eqPcS3flIWqcxJWgXHXiey3YrpaNsanY5ei1VoYEbOzijuq9BA=="],

    "minimatch": ["minimatch@9.0.5", "", { "dependencies": { "brace-expansion": "^2.0.1" } }, "sha512-G6T0ZX48xgozx7587koeX9Ys2NYy6Gmv//P89sEte9V9whIapMNF4idKxnW2QtCcLiTWlb/wfCabAtAFWhhBow=="],

    "minimist": ["minimist@1.2.8", "", {}, "sha512-2yyAR8qBkN3YuheJanUpWC5U3bb5osDywNB8RzDVlDwDHbocAJveqqj1u8+SVD7jkWT4yvsHCpWqqWqAxb0zCA=="],

    "module-details-from-path": ["module-details-from-path@1.0.4", "", {}, "sha512-EGWKgxALGMgzvxYF1UyGTy0HXX/2vHLkw6+NvDKW2jypWbHpjQuj4UMcqQWXHERJhVGKikolT06G3bcKe4fi7w=="],

    "ms": ["ms@2.1.3", "", {}, "sha512-6FlzubTLZG3J2a/NVCAleEhjzq5oxgHyaCU9yYXvcLsvoVaHJq/s5xXI6/XXP6tz7R9xAOtHnSO/tXtF3WRTlA=="],

    "nanoid": ["nanoid@3.3.11", "", { "bin": "bin/nanoid.cjs" }, "sha512-N8SpfPUnUp1bK+PMYW8qSWdl9U+wwNWI4QKxOYDy9JAro3WMX7p2OeVRF9v+347pnakNevPmiHhNmZ2HbFA76w=="],

    "neo-async": ["neo-async@2.6.2", "", {}, "sha512-Yd3UES5mWCSqR+qNT93S3UoYUkqAZ9lLg8a7g9rimsWmYGK8cVToA4/sF3RrshdyV3sAGMXVUmpMYOw+dLpOuw=="],

    "ollama-ai-provider": ["ollama-ai-provider@1.2.0", "", { "dependencies": { "@ai-sdk/provider": "^1.0.0", "@ai-sdk/provider-utils": "^2.0.0", "partial-json": "0.1.7" }, "peerDependencies": { "zod": "^3.0.0" } }, "sha512-jTNFruwe3O/ruJeppI/quoOUxG7NA6blG3ZyQj3lei4+NnJo7bi3eIRWqlVpRlu/mbzbFXeJSBuYQWF6pzGKww=="],

    "partial-json": ["partial-json@0.1.7", "", {}, "sha512-Njv/59hHaokb/hRUjce3Hdv12wd60MtM9Z5Olmn+nehe0QDAsRtRbJPvJ0Z91TusF0SuZRIvnM+S4l6EIP8leA=="],

    "pg-int8": ["pg-int8@1.0.1", "", {}, "sha512-WCtabS6t3c8SkpDBUlb1kjOs7l66xsGdKpIPZsg4wR+B3+u9UAum2odSsF9tnvxg80h4ZxLWMy4pRjOsFIqQpw=="],

    "pg-protocol": ["pg-protocol@1.11.0", "", {}, "sha512-pfsxk2M9M3BuGgDOfuy37VNRRX3jmKgMjcvAcWqNDpZSf4cUmv8HSOl5ViRQFsfARFn0KuUQTgLxVMbNq5NW3g=="],

    "pg-types": ["pg-types@2.2.0", "", { "dependencies": { "pg-int8": "1.0.1", "postgres-array": "~2.0.0", "postgres-bytea": "~1.0.0", "postgres-date": "~1.0.4", "postgres-interval": "^1.1.0" } }, "sha512-qTAAlrEsl8s4OiEQY69wDvcMIdQN6wdz5ojQiOy6YRMuynxenON0O5oCpJI6lshc6scgAY8qvJ2On/p+CXY0GA=="],

    "postgres-array": ["postgres-array@2.0.0", "", {}, "sha512-VpZrUqU5A69eQyW2c5CA1jtLecCsN2U/bD6VilrFDWq5+5UIEVO7nazS3TEcHf1zuPYO/sqGvUvW62g86RXZuA=="],

    "postgres-bytea": ["postgres-bytea@1.0.1", "", {}, "sha512-5+5HqXnsZPE65IJZSMkZtURARZelel2oXUEO8rH83VS/hxH5vv1uHquPg5wZs8yMAfdv971IU+kcPUczi7NVBQ=="],

    "postgres-date": ["postgres-date@1.0.7", "", {}, "sha512-suDmjLVQg78nMK2UZ454hAG+OAW+HQPZ6n++TNDUX+L0+uUlLywnoxJKDou51Zm+zTCjrCl0Nq6J9C5hP9vK/Q=="],

    "postgres-interval": ["postgres-interval@1.2.0", "", { "dependencies": { "xtend": "^4.0.0" } }, "sha512-9ZhXKM/rw350N1ovuWHbGxnGh/SNJ4cnxHiM0rxE4VN41wsg8P8zWn9hv/buK00RP4WvlOyr/RBDiptyxVbkZQ=="],

    "require-in-the-middle": ["require-in-the-middle@8.0.1", "", { "dependencies": { "debug": "^4.3.5", "module-details-from-path": "^1.0.3" } }, "sha512-QT7FVMXfWOYFbeRBF6nu+I6tr2Tf3u0q8RIEjNob/heKY/nh7drD/k7eeMFmSQgnTtCzLDcCu/XEnpW2wk4xCQ=="],

    "secure-json-parse": ["secure-json-parse@2.7.0", "", {}, "sha512-6aU+Rwsezw7VR8/nyvKTx8QpWH9FrcYiXXlqC4z5d5XQBDRqtbfsRjnwGyqbi3gddNtWHuEk9OANUotL26qKUw=="],

    "source-map": ["source-map@0.6.1", "", {}, "sha512-UjgapumWlbMhkBgzT7Ykc5YXUT46F0iKu8SGXq0bcwP5dz/h0Plj6enJqjz1Zbq2l5WaqYnrVbwWOWMyF3F47g=="],

    "uglify-js": ["uglify-js@3.19.3", "", { "bin": { "uglifyjs": "bin/uglifyjs" } }, "sha512-v3Xu+yuwBXisp6QYTcH4UbH+xYJXqnq2m/LtQVWKWzYc1iehYnLixoQDN9FH6/j9/oybfd6W9Ghwkl8+UMKTKQ=="],

    "undici-types": ["undici-types@7.16.0", "", {}, "sha512-Zz+aZWSj8LE6zoxD+xrjh4VfkIG8Ya6LvYkZqtUQGJPZjYl53ypCaUwWqo7eI0x66KBGeRo+mlBEkMSeSZ38Nw=="],

    "wordwrap": ["wordwrap@1.0.0", "", {}, "sha512-gvVzJFlPycKc5dZN4yPkP8w7Dc37BtP1yczEneOb4uq34pXZcvrtRTmWV8W+Ume+XCxKgbjM+nevkyFPMybd4Q=="],

    "xtend": ["xtend@4.0.2", "", {}, "sha512-LKYU1iAXJXUgAXn9URjiu+MWhyUXHsvfp7mcuYm9dSUKK0/CjtrUwFAxD82/mCWbtLsGjFIad0wIsod4zrTAEQ=="],

    "zod": ["zod@4.3.5", "", {}, "sha512-k7Nwx6vuWx1IJ9Bjuf4Zt1PEllcwe7cls3VNzm4CQ1/hgtFUK2bRNG3rvnpPUhFjmqJKAKtjV576KnUkHocg/g=="],

    "@opentelemetry/instrumentation-http/@opentelemetry/core": ["@opentelemetry/core@2.2.0", "", { "dependencies": { "@opentelemetry/semantic-conventions": "^1.29.0" }, "peerDependencies": { "@opentelemetry/api": ">=1.0.0 <1.10.0" } }, "sha512-FuabnnUm8LflnieVxs6eP7Z383hgQU4W1e3KJS6aOG3RxWxcHyBxH8fDMHNgu/gFx/M2jvTOW/4/PHhLz6bjWw=="],

    "ollama-ai-provider/@ai-sdk/provider": ["@ai-sdk/provider@1.1.3", "", { "dependencies": { "json-schema": "^0.4.0" } }, "sha512-qZMxYJ0qqX/RfnuIaab+zp8UAeJn/ygXXAffR5I4N0n1IrvA6qBsjc8hXLmBiMV2zoXlifkacF7sEFnYnjBcqg=="],

    "ollama-ai-provider/@ai-sdk/provider-utils": ["@ai-sdk/provider-utils@2.2.8", "", { "dependencies": { "@ai-sdk/provider": "1.1.3", "nanoid": "^3.3.8", "secure-json-parse": "^2.7.0" }, "peerDependencies": { "zod": "^3.23.8" } }, "sha512-fqhG+4sCVv8x7nFzYnFo19ryhAa3w096Kmc3hWxMQfW/TubPOmt3A6tYZhl4mUfQWWQMsuSkLrtjlWuXBVSGQA=="],
  }
}
